// !$*UTF8*$!
{
	archiveVersion = 1;
	classes = {
	};
	objectVersion = 50;
	objects = {

/* Begin PBXBuildFile section */
		E3A10557223018FC00E2B28F /* ClassListTableViewController.swift in Sources */ = {isa = PBXBuildFile; fileRef = E3A10556223018FC00E2B28F /* ClassListTableViewController.swift */; };
		E3A10559223032FD00E2B28F /* ClipUpTableViewController.swift in Sources */ = {isa = PBXBuildFile; fileRef = E3A10558223032FD00E2B28F /* ClipUpTableViewController.swift */; };
		E3A1055B2230331500E2B28F /* ClipDownTableViewController.swift in Sources */ = {isa = PBXBuildFile; fileRef = E3A1055A2230331500E2B28F /* ClipDownTableViewController.swift */; };
		E3A1055F22305DB900E2B28F /* ClipEventEditBaseViewController.swift in Sources */ = {isa = PBXBuildFile; fileRef = E3A1055E22305DB900E2B28F /* ClipEventEditBaseViewController.swift */; };
		E3BC5EDA222B1D4200BF6B39 /* AppDelegate.swift in Sources */ = {isa = PBXBuildFile; fileRef = E3BC5ED9222B1D4200BF6B39 /* AppDelegate.swift */; };
		E3BC5EDF222B1D4200BF6B39 /* Main.storyboard in Resources */ = {isa = PBXBuildFile; fileRef = E3BC5EDD222B1D4200BF6B39 /* Main.storyboard */; };
		E3BC5EE1222B1D4400BF6B39 /* Assets.xcassets in Resources */ = {isa = PBXBuildFile; fileRef = E3BC5EE0222B1D4400BF6B39 /* Assets.xcassets */; };
		E3BC5EE4222B1D4400BF6B39 /* LaunchScreen.storyboard in Resources */ = {isa = PBXBuildFile; fileRef = E3BC5EE2222B1D4400BF6B39 /* LaunchScreen.storyboard */; };
		E3BC5EEF222B1D4400BF6B39 /* Clip_AppTests.swift in Sources */ = {isa = PBXBuildFile; fileRef = E3BC5EEE222B1D4400BF6B39 /* Clip_AppTests.swift */; };
		E3BC5EFA222B1D4400BF6B39 /* Clip_AppUITests.swift in Sources */ = {isa = PBXBuildFile; fileRef = E3BC5EF9222B1D4400BF6B39 /* Clip_AppUITests.swift */; };
		E3BC5F0B222B1E2100BF6B39 /* Course Data Model.swift in Sources */ = {isa = PBXBuildFile; fileRef = E3BC5F0A222B1E2100BF6B39 /* Course Data Model.swift */; };
		E3BC5F0D222B210D00BF6B39 /* Student Data Model.swift in Sources */ = {isa = PBXBuildFile; fileRef = E3BC5F0C222B210D00BF6B39 /* Student Data Model.swift */; };
		E3BC5F0F222B229B00BF6B39 /* Structure definitions.swift in Sources */ = {isa = PBXBuildFile; fileRef = E3BC5F0E222B229B00BF6B39 /* Structure definitions.swift */; };
/* End PBXBuildFile section */

/* Begin PBXContainerItemProxy section */
		E3BC5EEB222B1D4400BF6B39 /* PBXContainerItemProxy */ = {
			isa = PBXContainerItemProxy;
			containerPortal = E3BC5ECE222B1D4200BF6B39 /* Project object */;
			proxyType = 1;
			remoteGlobalIDString = E3BC5ED5222B1D4200BF6B39;
			remoteInfo = "Clip App";
		};
		E3BC5EF6222B1D4400BF6B39 /* PBXContainerItemProxy */ = {
			isa = PBXContainerItemProxy;
			containerPortal = E3BC5ECE222B1D4200BF6B39 /* Project object */;
			proxyType = 1;
			remoteGlobalIDString = E3BC5ED5222B1D4200BF6B39;
			remoteInfo = "Clip App";
		};
/* End PBXContainerItemProxy section */

/* Begin PBXFileReference section */
		E3A10556223018FC00E2B28F /* ClassListTableViewController.swift */ = {isa = PBXFileReference; lastKnownFileType = sourcecode.swift; path = ClassListTableViewController.swift; sourceTree = "<group>"; };
		E3A10558223032FD00E2B28F /* ClipUpTableViewController.swift */ = {isa = PBXFileReference; lastKnownFileType = sourcecode.swift; path = ClipUpTableViewController.swift; sourceTree = "<group>"; };
		E3A1055A2230331500E2B28F /* ClipDownTableViewController.swift */ = {isa = PBXFileReference; lastKnownFileType = sourcecode.swift; path = ClipDownTableViewController.swift; sourceTree = "<group>"; };
		E3A1055E22305DB900E2B28F /* ClipEventEditBaseViewController.swift */ = {isa = PBXFileReference; lastKnownFileType = sourcecode.swift; path = ClipEventEditBaseViewController.swift; sourceTree = "<group>"; };
		E3BC5ED6222B1D4200BF6B39 /* Clip App.app */ = {isa = PBXFileReference; explicitFileType = wrapper.application; includeInIndex = 0; path = "Clip App.app"; sourceTree = BUILT_PRODUCTS_DIR; };
		E3BC5ED9222B1D4200BF6B39 /* AppDelegate.swift */ = {isa = PBXFileReference; lastKnownFileType = sourcecode.swift; path = AppDelegate.swift; sourceTree = "<group>"; };
		E3BC5EDE222B1D4200BF6B39 /* Base */ = {isa = PBXFileReference; lastKnownFileType = file.storyboard; name = Base; path = Base.lproj/Main.storyboard; sourceTree = "<group>"; };
		E3BC5EE0222B1D4400BF6B39 /* Assets.xcassets */ = {isa = PBXFileReference; lastKnownFileType = folder.assetcatalog; path = Assets.xcassets; sourceTree = "<group>"; };
		E3BC5EE3222B1D4400BF6B39 /* Base */ = {isa = PBXFileReference; lastKnownFileType = file.storyboard; name = Base; path = Base.lproj/LaunchScreen.storyboard; sourceTree = "<group>"; };
		E3BC5EE5222B1D4400BF6B39 /* Info.plist */ = {isa = PBXFileReference; lastKnownFileType = text.plist.xml; path = Info.plist; sourceTree = "<group>"; };
		E3BC5EEA222B1D4400BF6B39 /* Clip AppTests.xctest */ = {isa = PBXFileReference; explicitFileType = wrapper.cfbundle; includeInIndex = 0; path = "Clip AppTests.xctest"; sourceTree = BUILT_PRODUCTS_DIR; };
		E3BC5EEE222B1D4400BF6B39 /* Clip_AppTests.swift */ = {isa = PBXFileReference; lastKnownFileType = sourcecode.swift; path = Clip_AppTests.swift; sourceTree = "<group>"; };
		E3BC5EF0222B1D4400BF6B39 /* Info.plist */ = {isa = PBXFileReference; lastKnownFileType = text.plist.xml; path = Info.plist; sourceTree = "<group>"; };
		E3BC5EF5222B1D4400BF6B39 /* Clip AppUITests.xctest */ = {isa = PBXFileReference; explicitFileType = wrapper.cfbundle; includeInIndex = 0; path = "Clip AppUITests.xctest"; sourceTree = BUILT_PRODUCTS_DIR; };
		E3BC5EF9222B1D4400BF6B39 /* Clip_AppUITests.swift */ = {isa = PBXFileReference; lastKnownFileType = sourcecode.swift; path = Clip_AppUITests.swift; sourceTree = "<group>"; };
		E3BC5EFB222B1D4400BF6B39 /* Info.plist */ = {isa = PBXFileReference; lastKnownFileType = text.plist.xml; path = Info.plist; sourceTree = "<group>"; };
		E3BC5F0A222B1E2100BF6B39 /* Course Data Model.swift */ = {isa = PBXFileReference; lastKnownFileType = sourcecode.swift; path = "Course Data Model.swift"; sourceTree = "<group>"; };
		E3BC5F0C222B210D00BF6B39 /* Student Data Model.swift */ = {isa = PBXFileReference; lastKnownFileType = sourcecode.swift; path = "Student Data Model.swift"; sourceTree = "<group>"; };
		E3BC5F0E222B229B00BF6B39 /* Structure definitions.swift */ = {isa = PBXFileReference; lastKnownFileType = sourcecode.swift; path = "Structure definitions.swift"; sourceTree = "<group>"; };
/* End PBXFileReference section */

/* Begin PBXFrameworksBuildPhase section */
		E3BC5ED3222B1D4200BF6B39 /* Frameworks */ = {
			isa = PBXFrameworksBuildPhase;
			buildActionMask = 2147483647;
			files = (
			);
			runOnlyForDeploymentPostprocessing = 0;
		};
		E3BC5EE7222B1D4400BF6B39 /* Frameworks */ = {
			isa = PBXFrameworksBuildPhase;
			buildActionMask = 2147483647;
			files = (
			);
			runOnlyForDeploymentPostprocessing = 0;
		};
		E3BC5EF2222B1D4400BF6B39 /* Frameworks */ = {
			isa = PBXFrameworksBuildPhase;
			buildActionMask = 2147483647;
			files = (
			);
			runOnlyForDeploymentPostprocessing = 0;
		};
/* End PBXFrameworksBuildPhase section */

/* Begin PBXGroup section */
		E3BC5ECD222B1D4200BF6B39 = {
			isa = PBXGroup;
			children = (
				E3BC5ED8222B1D4200BF6B39 /* Clip App */,
				E3BC5EED222B1D4400BF6B39 /* Clip AppTests */,
				E3BC5EF8222B1D4400BF6B39 /* Clip AppUITests */,
				E3BC5ED7222B1D4200BF6B39 /* Products */,
			);
			sourceTree = "<group>";
		};
		E3BC5ED7222B1D4200BF6B39 /* Products */ = {
			isa = PBXGroup;
			children = (
				E3BC5ED6222B1D4200BF6B39 /* Clip App.app */,
				E3BC5EEA222B1D4400BF6B39 /* Clip AppTests.xctest */,
				E3BC5EF5222B1D4400BF6B39 /* Clip AppUITests.xctest */,
			);
			name = Products;
			sourceTree = "<group>";
		};
		E3BC5ED8222B1D4200BF6B39 /* Clip App */ = {
			isa = PBXGroup;
			children = (
				E3BC5ED9222B1D4200BF6B39 /* AppDelegate.swift */,
				E3BC5EE0222B1D4400BF6B39 /* Assets.xcassets */,
				E3BC5EE2222B1D4400BF6B39 /* LaunchScreen.storyboard */,
				E3BC5EE5222B1D4400BF6B39 /* Info.plist */,
				E3BC5F09222B1DA900BF6B39 /* Default Files */,
				E3BC5F08222B1D8500BF6B39 /* View Controllers */,
				E3BC5F07222B1D6A00BF6B39 /* Data model */,
				E3BC5EDD222B1D4200BF6B39 /* Main.storyboard */,
			);
			path = "Clip App";
			sourceTree = "<group>";
		};
		E3BC5EED222B1D4400BF6B39 /* Clip AppTests */ = {
			isa = PBXGroup;
			children = (
				E3BC5EEE222B1D4400BF6B39 /* Clip_AppTests.swift */,
				E3BC5EF0222B1D4400BF6B39 /* Info.plist */,
			);
			path = "Clip AppTests";
			sourceTree = "<group>";
		};
		E3BC5EF8222B1D4400BF6B39 /* Clip AppUITests */ = {
			isa = PBXGroup;
			children = (
				E3BC5EF9222B1D4400BF6B39 /* Clip_AppUITests.swift */,
				E3BC5EFB222B1D4400BF6B39 /* Info.plist */,
			);
			path = "Clip AppUITests";
			sourceTree = "<group>";
		};
		E3BC5F07222B1D6A00BF6B39 /* Data model */ = {
			isa = PBXGroup;
			children = (
				E3BC5F0A222B1E2100BF6B39 /* Course Data Model.swift */,
				E3BC5F0C222B210D00BF6B39 /* Student Data Model.swift */,
				E3BC5F0E222B229B00BF6B39 /* Structure definitions.swift */,
			);
			path = "Data model";
			sourceTree = "<group>";
		};
		E3BC5F08222B1D8500BF6B39 /* View Controllers */ = {
			isa = PBXGroup;
			children = (
				E3A10556223018FC00E2B28F /* ClassListTableViewController.swift */,
				E3A10558223032FD00E2B28F /* ClipUpTableViewController.swift */,
				E3A1055A2230331500E2B28F /* ClipDownTableViewController.swift */,
				E3A1055E22305DB900E2B28F /* ClipEventEditBaseViewController.swift */,
			);
			path = "View Controllers";
			sourceTree = "<group>";
		};
		E3BC5F09222B1DA900BF6B39 /* Default Files */ = {
			isa = PBXGroup;
			children = (
			);
			path = "Default Files";
			sourceTree = "<group>";
		};
/* End PBXGroup section */

/* Begin PBXNativeTarget section */
		E3BC5ED5222B1D4200BF6B39 /* Clip App */ = {
			isa = PBXNativeTarget;
			buildConfigurationList = E3BC5EFE222B1D4400BF6B39 /* Build configuration list for PBXNativeTarget "Clip App" */;
			buildPhases = (
				E3BC5ED2222B1D4200BF6B39 /* Sources */,
				E3BC5ED3222B1D4200BF6B39 /* Frameworks */,
				E3BC5ED4222B1D4200BF6B39 /* Resources */,
			);
			buildRules = (
			);
			dependencies = (
			);
			name = "Clip App";
			productName = "Clip App";
			productReference = E3BC5ED6222B1D4200BF6B39 /* Clip App.app */;
			productType = "com.apple.product-type.application";
		};
		E3BC5EE9222B1D4400BF6B39 /* Clip AppTests */ = {
			isa = PBXNativeTarget;
			buildConfigurationList = E3BC5F01222B1D4400BF6B39 /* Build configuration list for PBXNativeTarget "Clip AppTests" */;
			buildPhases = (
				E3BC5EE6222B1D4400BF6B39 /* Sources */,
				E3BC5EE7222B1D4400BF6B39 /* Frameworks */,
				E3BC5EE8222B1D4400BF6B39 /* Resources */,
			);
			buildRules = (
			);
			dependencies = (
				E3BC5EEC222B1D4400BF6B39 /* PBXTargetDependency */,
			);
			name = "Clip AppTests";
			productName = "Clip AppTests";
			productReference = E3BC5EEA222B1D4400BF6B39 /* Clip AppTests.xctest */;
			productType = "com.apple.product-type.bundle.unit-test";
		};
		E3BC5EF4222B1D4400BF6B39 /* Clip AppUITests */ = {
			isa = PBXNativeTarget;
			buildConfigurationList = E3BC5F04222B1D4400BF6B39 /* Build configuration list for PBXNativeTarget "Clip AppUITests" */;
			buildPhases = (
				E3BC5EF1222B1D4400BF6B39 /* Sources */,
				E3BC5EF2222B1D4400BF6B39 /* Frameworks */,
				E3BC5EF3222B1D4400BF6B39 /* Resources */,
			);
			buildRules = (
			);
			dependencies = (
				E3BC5EF7222B1D4400BF6B39 /* PBXTargetDependency */,
			);
			name = "Clip AppUITests";
			productName = "Clip AppUITests";
			productReference = E3BC5EF5222B1D4400BF6B39 /* Clip AppUITests.xctest */;
			productType = "com.apple.product-type.bundle.ui-testing";
		};
/* End PBXNativeTarget section */

/* Begin PBXProject section */
		E3BC5ECE222B1D4200BF6B39 /* Project object */ = {
			isa = PBXProject;
			attributes = {
				LastSwiftUpdateCheck = 1010;
				LastUpgradeCheck = 1010;
				ORGANIZATIONNAME = "Joshua Goss";
				TargetAttributes = {
					E3BC5ED5222B1D4200BF6B39 = {
						CreatedOnToolsVersion = 10.1;
					};
					E3BC5EE9222B1D4400BF6B39 = {
						CreatedOnToolsVersion = 10.1;
						TestTargetID = E3BC5ED5222B1D4200BF6B39;
					};
					E3BC5EF4222B1D4400BF6B39 = {
						CreatedOnToolsVersion = 10.1;
						TestTargetID = E3BC5ED5222B1D4200BF6B39;
					};
				};
			};
			buildConfigurationList = E3BC5ED1222B1D4200BF6B39 /* Build configuration list for PBXProject "Clip App" */;
			compatibilityVersion = "Xcode 9.3";
			developmentRegion = en;
			hasScannedForEncodings = 0;
			knownRegions = (
				en,
				Base,
			);
			mainGroup = E3BC5ECD222B1D4200BF6B39;
			productRefGroup = E3BC5ED7222B1D4200BF6B39 /* Products */;
			projectDirPath = "";
			projectRoot = "";
			targets = (
				E3BC5ED5222B1D4200BF6B39 /* Clip App */,
				E3BC5EE9222B1D4400BF6B39 /* Clip AppTests */,
				E3BC5EF4222B1D4400BF6B39 /* Clip AppUITests */,
			);
		};
/* End PBXProject section */

/* Begin PBXResourcesBuildPhase section */
		E3BC5ED4222B1D4200BF6B39 /* Resources */ = {
			isa = PBXResourcesBuildPhase;
			buildActionMask = 2147483647;
			files = (
				E3BC5EE4222B1D4400BF6B39 /* LaunchScreen.storyboard in Resources */,
				E3BC5EE1222B1D4400BF6B39 /* Assets.xcassets in Resources */,
				E3BC5EDF222B1D4200BF6B39 /* Main.storyboard in Resources */,
			);
			runOnlyForDeploymentPostprocessing = 0;
		};
		E3BC5EE8222B1D4400BF6B39 /* Resources */ = {
			isa = PBXResourcesBuildPhase;
			buildActionMask = 2147483647;
			files = (
			);
			runOnlyForDeploymentPostprocessing = 0;
		};
		E3BC5EF3222B1D4400BF6B39 /* Resources */ = {
			isa = PBXResourcesBuildPhase;
			buildActionMask = 2147483647;
			files = (
			);
			runOnlyForDeploymentPostprocessing = 0;
		};
/* End PBXResourcesBuildPhase section */

/* Begin PBXSourcesBuildPhase section */
		E3BC5ED2222B1D4200BF6B39 /* Sources */ = {
			isa = PBXSourcesBuildPhase;
			buildActionMask = 2147483647;
			files = (
				E3BC5F0F222B229B00BF6B39 /* Structure definitions.swift in Sources */,
				E3A1055B2230331500E2B28F /* ClipDownTableViewController.swift in Sources */,
				E3A1055F22305DB900E2B28F /* ClipEventEditBaseViewController.swift in Sources */,
				E3A10559223032FD00E2B28F /* ClipUpTableViewController.swift in Sources */,
				E3BC5F0D222B210D00BF6B39 /* Student Data Model.swift in Sources */,
				E3BC5F0B222B1E2100BF6B39 /* Course Data Model.swift in Sources */,
				E3A10557223018FC00E2B28F /* ClassListTableViewController.swift in Sources */,
				E3BC5EDA222B1D4200BF6B39 /* AppDelegate.swift in Sources */,
			);
			runOnlyForDeploymentPostprocessing = 0;
		};
		E3BC5EE6222B1D4400BF6B39 /* Sources */ = {
			isa = PBXSourcesBuildPhase;
			buildActionMask = 2147483647;
			files = (
				E3BC5EEF222B1D4400BF6B39 /* Clip_AppTests.swift in Sources */,
			);
			runOnlyForDeploymentPostprocessing = 0;
		};
		E3BC5EF1222B1D4400BF6B39 /* Sources */ = {
			isa = PBXSourcesBuildPhase;
			buildActionMask = 2147483647;
			files = (
				E3BC5EFA222B1D4400BF6B39 /* Clip_AppUITests.swift in Sources */,
			);
			runOnlyForDeploymentPostprocessing = 0;
		};
/* End PBXSourcesBuildPhase section */

/* Begin PBXTargetDependency section */
		E3BC5EEC222B1D4400BF6B39 /* PBXTargetDependency */ = {
			isa = PBXTargetDependency;
			target = E3BC5ED5222B1D4200BF6B39 /* Clip App */;
			targetProxy = E3BC5EEB222B1D4400BF6B39 /* PBXContainerItemProxy */;
		};
		E3BC5EF7222B1D4400BF6B39 /* PBXTargetDependency */ = {
			isa = PBXTargetDependency;
			target = E3BC5ED5222B1D4200BF6B39 /* Clip App */;
			targetProxy = E3BC5EF6222B1D4400BF6B39 /* PBXContainerItemProxy */;
		};
/* End PBXTargetDependency section */

/* Begin PBXVariantGroup section */
		E3BC5EDD222B1D4200BF6B39 /* Main.storyboard */ = {
			isa = PBXVariantGroup;
			children = (
				E3BC5EDE222B1D4200BF6B39 /* Base */,
			);
			name = Main.storyboard;
			sourceTree = "<group>";
		};
		E3BC5EE2222B1D4400BF6B39 /* LaunchScreen.storyboard */ = {
			isa = PBXVariantGroup;
			children = (
				E3BC5EE3222B1D4400BF6B39 /* Base */,
			);
			name = LaunchScreen.storyboard;
			sourceTree = "<group>";
		};
/* End PBXVariantGroup section */

/* Begin XCBuildConfiguration section */
		E3BC5EFC222B1D4400BF6B39 /* Debug */ = {
			isa = XCBuildConfiguration;
			buildSettings = {
				ALWAYS_SEARCH_USER_PATHS = NO;
				CLANG_ANALYZER_NONNULL = YES;
				CLANG_ANALYZER_NUMBER_OBJECT_CONVERSION = YES_AGGRESSIVE;
				CLANG_CXX_LANGUAGE_STANDARD = "gnu++14";
				CLANG_CXX_LIBRARY = "libc++";
				CLANG_ENABLE_MODULES = YES;
				CLANG_ENABLE_OBJC_ARC = YES;
				CLANG_ENABLE_OBJC_WEAK = YES;
				CLANG_WARN_BLOCK_CAPTURE_AUTORELEASING = YES;
				CLANG_WARN_BOOL_CONVERSION = YES;
				CLANG_WARN_COMMA = YES;
				CLANG_WARN_CONSTANT_CONVERSION = YES;
				CLANG_WARN_DEPRECATED_OBJC_IMPLEMENTATIONS = YES;
				CLANG_WARN_DIRECT_OBJC_ISA_USAGE = YES_ERROR;
				CLANG_WARN_DOCUMENTATION_COMMENTS = YES;
				CLANG_WARN_EMPTY_BODY = YES;
				CLANG_WARN_ENUM_CONVERSION = YES;
				CLANG_WARN_INFINITE_RECURSION = YES;
				CLANG_WARN_INT_CONVERSION = YES;
				CLANG_WARN_NON_LITERAL_NULL_CONVERSION = YES;
				CLANG_WARN_OBJC_IMPLICIT_RETAIN_SELF = YES;
				CLANG_WARN_OBJC_LITERAL_CONVERSION = YES;
				CLANG_WARN_OBJC_ROOT_CLASS = YES_ERROR;
				CLANG_WARN_RANGE_LOOP_ANALYSIS = YES;
				CLANG_WARN_STRICT_PROTOTYPES = YES;
				CLANG_WARN_SUSPICIOUS_MOVE = YES;
				CLANG_WARN_UNGUARDED_AVAILABILITY = YES_AGGRESSIVE;
				CLANG_WARN_UNREACHABLE_CODE = YES;
				CLANG_WARN__DUPLICATE_METHOD_MATCH = YES;
				CODE_SIGN_IDENTITY = "iPhone Developer";
				COPY_PHASE_STRIP = NO;
				DEBUG_INFORMATION_FORMAT = dwarf;
				ENABLE_STRICT_OBJC_MSGSEND = YES;
				ENABLE_TESTABILITY = YES;
				GCC_C_LANGUAGE_STANDARD = gnu11;
				GCC_DYNAMIC_NO_PIC = NO;
				GCC_NO_COMMON_BLOCKS = YES;
				GCC_OPTIMIZATION_LEVEL = 0;
				GCC_PREPROCESSOR_DEFINITIONS = (
					"DEBUG=1",
					"$(inherited)",
				);
				GCC_WARN_64_TO_32_BIT_CONVERSION = YES;
				GCC_WARN_ABOUT_RETURN_TYPE = YES_ERROR;
				GCC_WARN_UNDECLARED_SELECTOR = YES;
				GCC_WARN_UNINITIALIZED_AUTOS = YES_AGGRESSIVE;
				GCC_WARN_UNUSED_FUNCTION = YES;
				GCC_WARN_UNUSED_VARIABLE = YES;
				IPHONEOS_DEPLOYMENT_TARGET = 12.1;
				MTL_ENABLE_DEBUG_INFO = INCLUDE_SOURCE;
				MTL_FAST_MATH = YES;
				ONLY_ACTIVE_ARCH = YES;
				SDKROOT = iphoneos;
				SWIFT_ACTIVE_COMPILATION_CONDITIONS = DEBUG;
				SWIFT_OPTIMIZATION_LEVEL = "-Onone";
			};
			name = Debug;
		};
		E3BC5EFD222B1D4400BF6B39 /* Release */ = {
			isa = XCBuildConfiguration;
			buildSettings = {
				ALWAYS_SEARCH_USER_PATHS = NO;
				CLANG_ANALYZER_NONNULL = YES;
				CLANG_ANALYZER_NUMBER_OBJECT_CONVERSION = YES_AGGRESSIVE;
				CLANG_CXX_LANGUAGE_STANDARD = "gnu++14";
				CLANG_CXX_LIBRARY = "libc++";
				CLANG_ENABLE_MODULES = YES;
				CLANG_ENABLE_OBJC_ARC = YES;
				CLANG_ENABLE_OBJC_WEAK = YES;
				CLANG_WARN_BLOCK_CAPTURE_AUTORELEASING = YES;
				CLANG_WARN_BOOL_CONVERSION = YES;
				CLANG_WARN_COMMA = YES;
				CLANG_WARN_CONSTANT_CONVERSION = YES;
				CLANG_WARN_DEPRECATED_OBJC_IMPLEMENTATIONS = YES;
				CLANG_WARN_DIRECT_OBJC_ISA_USAGE = YES_ERROR;
				CLANG_WARN_DOCUMENTATION_COMMENTS = YES;
				CLANG_WARN_EMPTY_BODY = YES;
				CLANG_WARN_ENUM_CONVERSION = YES;
				CLANG_WARN_INFINITE_RECURSION = YES;
				CLANG_WARN_INT_CONVERSION = YES;
				CLANG_WARN_NON_LITERAL_NULL_CONVERSION = YES;
				CLANG_WARN_OBJC_IMPLICIT_RETAIN_SELF = YES;
				CLANG_WARN_OBJC_LITERAL_CONVERSION = YES;
				CLANG_WARN_OBJC_ROOT_CLASS = YES_ERROR;
				CLANG_WARN_RANGE_LOOP_ANALYSIS = YES;
				CLANG_WARN_STRICT_PROTOTYPES = YES;
				CLANG_WARN_SUSPICIOUS_MOVE = YES;
				CLANG_WARN_UNGUARDED_AVAILABILITY = YES_AGGRESSIVE;
				CLANG_WARN_UNREACHABLE_CODE = YES;
				CLANG_WARN__DUPLICATE_METHOD_MATCH = YES;
				CODE_SIGN_IDENTITY = "iPhone Developer";
				COPY_PHASE_STRIP = NO;
				DEBUG_INFORMATION_FORMAT = "dwarf-with-dsym";
				ENABLE_NS_ASSERTIONS = NO;
				ENABLE_STRICT_OBJC_MSGSEND = YES;
				GCC_C_LANGUAGE_STANDARD = gnu11;
				GCC_NO_COMMON_BLOCKS = YES;
				GCC_WARN_64_TO_32_BIT_CONVERSION = YES;
				GCC_WARN_ABOUT_RETURN_TYPE = YES_ERROR;
				GCC_WARN_UNDECLARED_SELECTOR = YES;
				GCC_WARN_UNINITIALIZED_AUTOS = YES_AGGRESSIVE;
				GCC_WARN_UNUSED_FUNCTION = YES;
				GCC_WARN_UNUSED_VARIABLE = YES;
				IPHONEOS_DEPLOYMENT_TARGET = 12.1;
				MTL_ENABLE_DEBUG_INFO = NO;
				MTL_FAST_MATH = YES;
				SDKROOT = iphoneos;
				SWIFT_COMPILATION_MODE = wholemodule;
				SWIFT_OPTIMIZATION_LEVEL = "-O";
				VALIDATE_PRODUCT = YES;
			};
			name = Release;
		};
		E3BC5EFF222B1D4400BF6B39 /* Debug */ = {
			isa = XCBuildConfiguration;
			buildSettings = {
				ASSETCATALOG_COMPILER_APPICON_NAME = AppIcon;
				CODE_SIGN_STYLE = Automatic;
				DEVELOPMENT_TEAM = 4HG38E6GSN;
				INFOPLIST_FILE = "Clip App/Info.plist";
				LD_RUNPATH_SEARCH_PATHS = (
					"$(inherited)",
					"@executable_path/Frameworks",
				);
				PRODUCT_BUNDLE_IDENTIFIER = "com.example.Clip-App";
				PRODUCT_NAME = "$(TARGET_NAME)";
				SWIFT_VERSION = 4.2;
				TARGETED_DEVICE_FAMILY = "1,2";
			};
			name = Debug;
		};
		E3BC5F00222B1D4400BF6B39 /* Release */ = {
			isa = XCBuildConfiguration;
			buildSettings = {
				ASSETCATALOG_COMPILER_APPICON_NAME = AppIcon;
				CODE_SIGN_STYLE = Automatic;
				DEVELOPMENT_TEAM = 4HG38E6GSN;
				INFOPLIST_FILE = "Clip App/Info.plist";
				LD_RUNPATH_SEARCH_PATHS = (
					"$(inherited)",
					"@executable_path/Frameworks",
				);
				PRODUCT_BUNDLE_IDENTIFIER = "com.example.Clip-App";
				PRODUCT_NAME = "$(TARGET_NAME)";
				SWIFT_VERSION = 4.2;
				TARGETED_DEVICE_FAMILY = "1,2";
			};
			name = Release;
		};
		E3BC5F02222B1D4400BF6B39 /* Debug */ = {
			isa = XCBuildConfiguration;
			buildSettings = {
				ALWAYS_EMBED_SWIFT_STANDARD_LIBRARIES = YES;
				BUNDLE_LOADER = "$(TEST_HOST)";
				CODE_SIGN_STYLE = Automatic;
				INFOPLIST_FILE = "Clip AppTests/Info.plist";
				LD_RUNPATH_SEARCH_PATHS = (
					"$(inherited)",
					"@executable_path/Frameworks",
					"@loader_path/Frameworks",
				);
				PRODUCT_BUNDLE_IDENTIFIER = "com.example.Clip-AppTests";
				PRODUCT_NAME = "$(TARGET_NAME)";
				SWIFT_VERSION = 4.2;
				TARGETED_DEVICE_FAMILY = "1,2";
				TEST_HOST = "$(BUILT_PRODUCTS_DIR)/Clip App.app/Clip App";
			};
			name = Debug;
		};
		E3BC5F03222B1D4400BF6B39 /* Release */ = {
			isa = XCBuildConfiguration;
			buildSettings = {
				ALWAYS_EMBED_SWIFT_STANDARD_LIBRARIES = YES;
				BUNDLE_LOADER = "$(TEST_HOST)";
				CODE_SIGN_STYLE = Automatic;
				INFOPLIST_FILE = "Clip AppTests/Info.plist";
				LD_RUNPATH_SEARCH_PATHS = (
					"$(inherited)",
					"@executable_path/Frameworks",
					"@loader_path/Frameworks",
				);
				PRODUCT_BUNDLE_IDENTIFIER = "com.example.Clip-AppTests";
				PRODUCT_NAME = "$(TARGET_NAME)";
				SWIFT_VERSION = 4.2;
				TARGETED_DEVICE_FAMILY = "1,2";
				TEST_HOST = "$(BUILT_PRODUCTS_DIR)/Clip App.app/Clip App";
			};
			name = Release;
		};
		E3BC5F05222B1D4400BF6B39 /* Debug */ = {
			isa = XCBuildConfiguration;
			buildSettings = {
				ALWAYS_EMBED_SWIFT_STANDARD_LIBRARIES = YES;
				CODE_SIGN_STYLE = Automatic;
				INFOPLIST_FILE = "Clip AppUITests/Info.plist";
				LD_RUNPATH_SEARCH_PATHS = (
					"$(inherited)",
					"@executable_path/Frameworks",
					"@loader_path/Frameworks",
				);
				PRODUCT_BUNDLE_IDENTIFIER = "com.example.Clip-AppUITests";
				PRODUCT_NAME = "$(TARGET_NAME)";
				SWIFT_VERSION = 4.2;
				TARGETED_DEVICE_FAMILY = "1,2";
				TEST_TARGET_NAME = "Clip App";
			};
			name = Debug;
		};
		E3BC5F06222B1D4400BF6B39 /* Release */ = {
			isa = XCBuildConfiguration;
			buildSettings = {
				ALWAYS_EMBED_SWIFT_STANDARD_LIBRARIES = YES;
				CODE_SIGN_STYLE = Automatic;
				INFOPLIST_FILE = "Clip AppUITests/Info.plist";
				LD_RUNPATH_SEARCH_PATHS = (
					"$(inherited)",
					"@executable_path/Frameworks",
					"@loader_path/Frameworks",
				);
				PRODUCT_BUNDLE_IDENTIFIER = "com.example.Clip-AppUITests";
				PRODUCT_NAME = "$(TARGET_NAME)";
				SWIFT_VERSION = 4.2;
				TARGETED_DEVICE_FAMILY = "1,2";
				TEST_TARGET_NAME = "Clip App";
			};
			name = Release;
		};
/* End XCBuildConfiguration section */

/* Begin XCConfigurationList section */
		E3BC5ED1222B1D4200BF6B39 /* Build configuration list for PBXProject "Clip App" */ = {
			isa = XCConfigurationList;
			buildConfigurations = (
				E3BC5EFC222B1D4400BF6B39 /* Debug */,
				E3BC5EFD222B1D4400BF6B39 /* Release */,
			);
			defaultConfigurationIsVisible = 0;
			defaultConfigurationName = Release;
		};
		E3BC5EFE222B1D4400BF6B39 /* Build configuration list for PBXNativeTarget "Clip App" */ = {
			isa = XCConfigurationList;
			buildConfigurations = (
				E3BC5EFF222B1D4400BF6B39 /* Debug */,
				E3BC5F00222B1D4400BF6B39 /* Release */,
			);
			defaultConfigurationIsVisible = 0;
			defaultConfigurationName = Release;
		};
		E3BC5F01222B1D4400BF6B39 /* Build configuration list for PBXNativeTarget "Clip AppTests" */ = {
			isa = XCConfigurationList;
			buildConfigurations = (
				E3BC5F02222B1D4400BF6B39 /* Debug */,
				E3BC5F03222B1D4400BF6B39 /* Release */,
			);
			defaultConfigurationIsVisible = 0;
			defaultConfigurationName = Release;
		};
		E3BC5F04222B1D4400BF6B39 /* Build configuration list for PBXNativeTarget "Clip AppUITests" */ = {
			isa = XCConfigurationList;
			buildConfigurations = (
				E3BC5F05222B1D4400BF6B39 /* Debug */,
				E3BC5F06222B1D4400BF6B39 /* Release */,
			);
			defaultConfigurationIsVisible = 0;
			defaultConfigurationName = Release;
		};
/* End XCConfigurationList section */
	};
	rootObject = E3BC5ECE222B1D4200BF6B39 /* Project object */;
}
